
Microsoft Visual Studio Solution File, Format Version 12.00
# Visual Studio Version 17
VisualStudioVersion = 17.0.31903.59
MinimumVisualStudioVersion = 10.0.40219.1
Project("{2150E333-8FDC-42A3-9474-1A3956D46DE8}") = "src", "src", "{6B6063A6-3266-4B66-B7E4-8775CAF3C7EC}"
EndProject
Project("{2150E333-8FDC-42A3-9474-1A3956D46DE8}") = "1-Utils", "1-Utils", "{A3252CB8-75D1-4F2C-AE3E-6C0687585658}"
EndProject
Project("{FAE04EC0-301F-11D3-BF4B-00C04F79EFBC}") = "Utils", "src\1-Utils\Utils\Utils.csproj", "{BE1A3147-7B2D-4E2C-AD6E-0CE9AAFB6E2D}"
EndProject
Project("{2150E333-8FDC-42A3-9474-1A3956D46DE8}") = "2-Api", "2-Api", "{80FD9588-B931-456E-82DD-2AC469E73AA3}"
EndProject
Project("{FAE04EC0-301F-11D3-BF4B-00C04F79EFBC}") = "Api", "src\2-Api\Api\Api.csproj", "{1AA9557B-9D38-42C3-B497-C30EAF5AA58E}"
EndProject
Project("{2150E333-8FDC-42A3-9474-1A3956D46DE8}") = "3-Auth", "3-Auth", "{1B2950C3-C6F3-4E71-B9CF-8EC7466C29E3}"
EndProject
Project("{FAE04EC0-301F-11D3-BF4B-00C04F79EFBC}") = "Auth", "src\3-Auth\Auth\Auth.csproj", "{35A40531-88E5-4C5F-BC81-C91F10796600}"
EndProject
Project("{2150E333-8FDC-42A3-9474-1A3956D46DE8}") = "4-Blog", "4-Blog", "{E77960AC-E47D-45AC-9642-41A340A80E16}"
EndProject
Project("{FAE04EC0-301F-11D3-BF4B-00C04F79EFBC}") = "Blog", "src\4-Blog\Blog\Blog.csproj", "{ECC26B6A-FBCF-4BF9-B616-9F6A11178D87}"
EndProject
Global
	GlobalSection(SolutionConfigurationPlatforms) = preSolution
		Debug|Any CPU = Debug|Any CPU
		Release|Any CPU = Release|Any CPU
	EndGlobalSection
	GlobalSection(SolutionProperties) = preSolution
		HideSolutionNode = FALSE
	EndGlobalSection
	GlobalSection(ProjectConfigurationPlatforms) = postSolution
		{BE1A3147-7B2D-4E2C-AD6E-0CE9AAFB6E2D}.Debug|Any CPU.ActiveCfg = Debug|Any CPU
		{BE1A3147-7B2D-4E2C-AD6E-0CE9AAFB6E2D}.Debug|Any CPU.Build.0 = Debug|Any CPU
		{BE1A3147-7B2D-4E2C-AD6E-0CE9AAFB6E2D}.Release|Any CPU.ActiveCfg = Release|Any CPU
		{BE1A3147-7B2D-4E2C-AD6E-0CE9AAFB6E2D}.Release|Any CPU.Build.0 = Release|Any CPU
		{1AA9557B-9D38-42C3-B497-C30EAF5AA58E}.Debug|Any CPU.ActiveCfg = Debug|Any CPU
		{1AA9557B-9D38-42C3-B497-C30EAF5AA58E}.Debug|Any CPU.Build.0 = Debug|Any CPU
		{1AA9557B-9D38-42C3-B497-C30EAF5AA58E}.Release|Any CPU.ActiveCfg = Release|Any CPU
		{1AA9557B-9D38-42C3-B497-C30EAF5AA58E}.Release|Any CPU.Build.0 = Release|Any CPU
		{35A40531-88E5-4C5F-BC81-C91F10796600}.Debug|Any CPU.ActiveCfg = Debug|Any CPU
		{35A40531-88E5-4C5F-BC81-C91F10796600}.Debug|Any CPU.Build.0 = Debug|Any CPU
		{35A40531-88E5-4C5F-BC81-C91F10796600}.Release|Any CPU.ActiveCfg = Release|Any CPU
		{35A40531-88E5-4C5F-BC81-C91F10796600}.Release|Any CPU.Build.0 = Release|Any CPU
		{ECC26B6A-FBCF-4BF9-B616-9F6A11178D87}.Debug|Any CPU.ActiveCfg = Debug|Any CPU
		{ECC26B6A-FBCF-4BF9-B616-9F6A11178D87}.Debug|Any CPU.Build.0 = Debug|Any CPU
		{ECC26B6A-FBCF-4BF9-B616-9F6A11178D87}.Release|Any CPU.ActiveCfg = Release|Any CPU
		{ECC26B6A-FBCF-4BF9-B616-9F6A11178D87}.Release|Any CPU.Build.0 = Release|Any CPU
	EndGlobalSection
	GlobalSection(NestedProjects) = preSolution
		{A3252CB8-75D1-4F2C-AE3E-6C0687585658} = {6B6063A6-3266-4B66-B7E4-8775CAF3C7EC}
		{BE1A3147-7B2D-4E2C-AD6E-0CE9AAFB6E2D} = {A3252CB8-75D1-4F2C-AE3E-6C0687585658}
		{80FD9588-B931-456E-82DD-2AC469E73AA3} = {6B6063A6-3266-4B66-B7E4-8775CAF3C7EC}
		{1AA9557B-9D38-42C3-B497-C30EAF5AA58E} = {80FD9588-B931-456E-82DD-2AC469E73AA3}
		{1B2950C3-C6F3-4E71-B9CF-8EC7466C29E3} = {6B6063A6-3266-4B66-B7E4-8775CAF3C7EC}
		{35A40531-88E5-4C5F-BC81-C91F10796600} = {1B2950C3-C6F3-4E71-B9CF-8EC7466C29E3}
		{E77960AC-E47D-45AC-9642-41A340A80E16} = {6B6063A6-3266-4B66-B7E4-8775CAF3C7EC}
		{ECC26B6A-FBCF-4BF9-B616-9F6A11178D87} = {E77960AC-E47D-45AC-9642-41A340A80E16}
	EndGlobalSection
EndGlobal
