
Microsoft Visual Studio Solution File, Format Version 12.00
# Visual Studio Version 17
VisualStudioVersion = 17.0.31903.59
MinimumVisualStudioVersion = 10.0.40219.1
Project("{2150E333-8FDC-42A3-9474-1A3956D46DE8}") = "src", "src", "{6B6063A6-3266-4B66-B7E4-8775CAF3C7EC}"
EndProject
Project("{2150E333-8FDC-42A3-9474-1A3956D46DE8}") = "1-Api", "1-Api", "{9B4C2BD2-A068-4F14-B8F1-54054F9F82C5}"
EndProject
Project("{FAE04EC0-301F-11D3-BF4B-00C04F79EFBC}") = "Api", "src\1-Api\Api\Api.csproj", "{5EDFE805-8D79-4E0A-9A9D-620B6283560E}"
EndProject
Project("{2150E333-8FDC-42A3-9474-1A3956D46DE8}") = "2-Business", "2-Business", "{A7758D2D-58A3-4805-9C98-2D4A43F1E301}"
EndProject
Project("{FAE04EC0-301F-11D3-BF4B-00C04F79EFBC}") = "Business", "src\2-Business\Business\Business.csproj", "{0A9EEFDF-AF3A-4027-8798-C64528469B7A}"
EndProject
Project("{2150E333-8FDC-42A3-9474-1A3956D46DE8}") = "3-Data", "3-Data", "{CB660565-E9E3-4917-B663-2E3D4C114842}"
EndProject
Project("{FAE04EC0-301F-11D3-BF4B-00C04F79EFBC}") = "Data", "src\3-Data\Data\Data.csproj", "{5F81CB5F-0852-4308-B229-BB9E827156B8}"
EndProject
Global
	GlobalSection(SolutionConfigurationPlatforms) = preSolution
		Debug|Any CPU = Debug|Any CPU
		Release|Any CPU = Release|Any CPU
	EndGlobalSection
	GlobalSection(SolutionProperties) = preSolution
		HideSolutionNode = FALSE
	EndGlobalSection
	GlobalSection(ProjectConfigurationPlatforms) = postSolution
		{5EDFE805-8D79-4E0A-9A9D-620B6283560E}.Debug|Any CPU.ActiveCfg = Debug|Any CPU
		{5EDFE805-8D79-4E0A-9A9D-620B6283560E}.Debug|Any CPU.Build.0 = Debug|Any CPU
		{5EDFE805-8D79-4E0A-9A9D-620B6283560E}.Release|Any CPU.ActiveCfg = Release|Any CPU
		{5EDFE805-8D79-4E0A-9A9D-620B6283560E}.Release|Any CPU.Build.0 = Release|Any CPU
		{0A9EEFDF-AF3A-4027-8798-C64528469B7A}.Debug|Any CPU.ActiveCfg = Debug|Any CPU
		{0A9EEFDF-AF3A-4027-8798-C64528469B7A}.Debug|Any CPU.Build.0 = Debug|Any CPU
		{0A9EEFDF-AF3A-4027-8798-C64528469B7A}.Release|Any CPU.ActiveCfg = Release|Any CPU
		{0A9EEFDF-AF3A-4027-8798-C64528469B7A}.Release|Any CPU.Build.0 = Release|Any CPU
		{5F81CB5F-0852-4308-B229-BB9E827156B8}.Debug|Any CPU.ActiveCfg = Debug|Any CPU
		{5F81CB5F-0852-4308-B229-BB9E827156B8}.Debug|Any CPU.Build.0 = Debug|Any CPU
		{5F81CB5F-0852-4308-B229-BB9E827156B8}.Release|Any CPU.ActiveCfg = Release|Any CPU
		{5F81CB5F-0852-4308-B229-BB9E827156B8}.Release|Any CPU.Build.0 = Release|Any CPU
	EndGlobalSection
	GlobalSection(NestedProjects) = preSolution
		{9B4C2BD2-A068-4F14-B8F1-54054F9F82C5} = {6B6063A6-3266-4B66-B7E4-8775CAF3C7EC}
		{5EDFE805-8D79-4E0A-9A9D-620B6283560E} = {9B4C2BD2-A068-4F14-B8F1-54054F9F82C5}
		{A7758D2D-58A3-4805-9C98-2D4A43F1E301} = {6B6063A6-3266-4B66-B7E4-8775CAF3C7EC}
		{0A9EEFDF-AF3A-4027-8798-C64528469B7A} = {A7758D2D-58A3-4805-9C98-2D4A43F1E301}
		{CB660565-E9E3-4917-B663-2E3D4C114842} = {6B6063A6-3266-4B66-B7E4-8775CAF3C7EC}
		{5F81CB5F-0852-4308-B229-BB9E827156B8} = {CB660565-E9E3-4917-B663-2E3D4C114842}
	EndGlobalSection
EndGlobal
